// !$*UTF8*$!
{
	archiveVersion = 1;
	classes = {
	};
	objectVersion = 51;
	objects = {

/* Begin PBXBuildFile section */
		17121854247EFA0C0060093A /* BusinessForCustomerCell.swift in Sources */ = {isa = PBXBuildFile; fileRef = 17121852247EFA0C0060093A /* BusinessForCustomerCell.swift */; };
		17121855247EFA0C0060093A /* BusinessForCustomerCell.xib in Resources */ = {isa = PBXBuildFile; fileRef = 17121853247EFA0C0060093A /* BusinessForCustomerCell.xib */; };
		17121857247EFA300060093A /* BusinessName.swift in Sources */ = {isa = PBXBuildFile; fileRef = 17121856247EFA300060093A /* BusinessName.swift */; };
		1712B57B24D1304200BB7150 /* 17216-your-app-developer.json in Resources */ = {isa = PBXBuildFile; fileRef = 1712B57A24D1304200BB7150 /* 17216-your-app-developer.json */; };
		1714AA7524CF252F00D17425 /* Individual_Scans.swift in Sources */ = {isa = PBXBuildFile; fileRef = 1714AA7424CF252F00D17425 /* Individual_Scans.swift */; };
		1714AA7724CF258500D17425 /* ScansTable.swift in Sources */ = {isa = PBXBuildFile; fileRef = 1714AA7624CF258500D17425 /* ScansTable.swift */; };
		1714AA7A24CF271100D17425 /* Individual_Scans_CellTableViewCell.swift in Sources */ = {isa = PBXBuildFile; fileRef = 1714AA7824CF271100D17425 /* Individual_Scans_CellTableViewCell.swift */; };
		1714AA7B24CF271100D17425 /* Individual_Scans_CellTableViewCell.xib in Resources */ = {isa = PBXBuildFile; fileRef = 1714AA7924CF271100D17425 /* Individual_Scans_CellTableViewCell.xib */; };
		172224D5248F44D90063F0FC /* CroissantLoader.json in Resources */ = {isa = PBXBuildFile; fileRef = 172224D4248F44D90063F0FC /* CroissantLoader.json */; };
		172224D7248F45670063F0FC /* CoffeeLoader.json in Resources */ = {isa = PBXBuildFile; fileRef = 172224D6248F45670063F0FC /* CoffeeLoader.json */; };
		172224DA248F45A50063F0FC /* PizzaLoader.json in Resources */ = {isa = PBXBuildFile; fileRef = 172224D8248F45A10063F0FC /* PizzaLoader.json */; };
		172224DB248F45A50063F0FC /* BeerLoader.json in Resources */ = {isa = PBXBuildFile; fileRef = 172224D9248F45A50063F0FC /* BeerLoader.json */; };
		172224DD248F50A10063F0FC /* CheckMark.json in Resources */ = {isa = PBXBuildFile; fileRef = 172224DC248F50A00063F0FC /* CheckMark.json */; };
		172224DF248F58020063F0FC /* CheckMark2.json in Resources */ = {isa = PBXBuildFile; fileRef = 172224DE248F58020063F0FC /* CheckMark2.json */; };
		172224E1248F5C3D0063F0FC /* CheckMark3.json in Resources */ = {isa = PBXBuildFile; fileRef = 172224E0248F5C3D0063F0FC /* CheckMark3.json */; };
		1724123B24C4C88200C048D0 /* Info_BusinessCustomer.swift in Sources */ = {isa = PBXBuildFile; fileRef = 1724123A24C4C88200C048D0 /* Info_BusinessCustomer.swift */; };
		1724587B24C5EBC10073D316 /* HomeAnimation.json in Resources */ = {isa = PBXBuildFile; fileRef = 1724587A24C5EBC10073D316 /* HomeAnimation.json */; };
		17325AAB24E1DBCA005A1A4E /* MailView.swift in Sources */ = {isa = PBXBuildFile; fileRef = 17325AAA24E1DBCA005A1A4E /* MailView.swift */; };
		173A179B24C337D700ABAB10 /* CustomerInformationView.swift in Sources */ = {isa = PBXBuildFile; fileRef = 173A179A24C337D700ABAB10 /* CustomerInformationView.swift */; };
		173B49F2248B450E00056833 /* C_1Register.swift in Sources */ = {isa = PBXBuildFile; fileRef = 173B49F1248B450E00056833 /* C_1Register.swift */; };
		173B49F4248B494000056833 /* C_2Register.swift in Sources */ = {isa = PBXBuildFile; fileRef = 173B49F3248B494000056833 /* C_2Register.swift */; };
		173F1701247DB44B00C67812 /* QRView.swift in Sources */ = {isa = PBXBuildFile; fileRef = 173F1700247DB44B00C67812 /* QRView.swift */; };
		173F1705247DB8AB00C67812 /* BusinessSearch.swift in Sources */ = {isa = PBXBuildFile; fileRef = 173F1704247DB8AB00C67812 /* BusinessSearch.swift */; };
		174AED9524D5B55B00AF704C /* Customer_Feed.swift in Sources */ = {isa = PBXBuildFile; fileRef = 174AED9424D5B55B00AF704C /* Customer_Feed.swift */; };
		17510AE524DB9713002A2C82 /* ActionButton.swift in Sources */ = {isa = PBXBuildFile; fileRef = 17510AE424DB9713002A2C82 /* ActionButton.swift */; };
		175711C124DC753000D94B37 /* Indigo Regular.otf in Resources */ = {isa = PBXBuildFile; fileRef = 175711C024DC753000D94B37 /* Indigo Regular.otf */; };
		175711C324DC766700D94B37 /* Anson-Regular.otf in Resources */ = {isa = PBXBuildFile; fileRef = 175711C224DC766700D94B37 /* Anson-Regular.otf */; };
		176AD81624901DAD00669202 /* StoreKit.framework in Frameworks */ = {isa = PBXBuildFile; fileRef = 176AD81524901DAD00669202 /* StoreKit.framework */; };
		1771DB8424BB820500154CC1 /* PaymentScreen.swift in Sources */ = {isa = PBXBuildFile; fileRef = 1771DB8324BB820500154CC1 /* PaymentScreen.swift */; };
		1783789C24C8F5A800436D1F /* OnboardingView.swift in Sources */ = {isa = PBXBuildFile; fileRef = 1783789B24C8F5A800436D1F /* OnboardingView.swift */; };
		17839FB324C2125400B74AEF /* CustomerClass.swift in Sources */ = {isa = PBXBuildFile; fileRef = 17839FB224C2125400B74AEF /* CustomerClass.swift */; };
		17839FB624C214FF00B74AEF /* CustomerCell.swift in Sources */ = {isa = PBXBuildFile; fileRef = 17839FB424C214FF00B74AEF /* CustomerCell.swift */; };
		17839FB724C214FF00B74AEF /* CustomerCell.xib in Resources */ = {isa = PBXBuildFile; fileRef = 17839FB524C214FF00B74AEF /* CustomerCell.xib */; };
		1793292B24DAE1EE00F8EAED /* MainLoader.json in Resources */ = {isa = PBXBuildFile; fileRef = 1793292A24DAE1EE00F8EAED /* MainLoader.json */; };
		1793292D24DAE91900F8EAED /* MainLoader2.json in Resources */ = {isa = PBXBuildFile; fileRef = 1793292C24DAE91900F8EAED /* MainLoader2.json */; };
		1796CB6B24894DFD00B227B2 /* B_2_1Register.swift in Sources */ = {isa = PBXBuildFile; fileRef = 1796CB6A24894DFD00B227B2 /* B_2_1Register.swift */; };
		1796CB6F248957FD00B227B2 /* B_2_2Register.swift in Sources */ = {isa = PBXBuildFile; fileRef = 1796CB6E248957FD00B227B2 /* B_2_2Register.swift */; };
		1796CB73248AB59E00B227B2 /* SecondAddEmployeeScreen.swift in Sources */ = {isa = PBXBuildFile; fileRef = 1796CB72248AB59E00B227B2 /* SecondAddEmployeeScreen.swift */; };
		1796CB75248AE3B200B227B2 /* RemoveEmployeesScreen.swift in Sources */ = {isa = PBXBuildFile; fileRef = 1796CB74248AE3B200B227B2 /* RemoveEmployeesScreen.swift */; };
		1796CB7B248AE58900B227B2 /* EmployeeCell.swift in Sources */ = {isa = PBXBuildFile; fileRef = 1796CB79248AE58900B227B2 /* EmployeeCell.swift */; };
		1796CB7C248AE58900B227B2 /* EmployeeCell.xib in Resources */ = {isa = PBXBuildFile; fileRef = 1796CB7A248AE58900B227B2 /* EmployeeCell.xib */; };
		1796CB7E248AE73700B227B2 /* EmployeeObject.swift in Sources */ = {isa = PBXBuildFile; fileRef = 1796CB7D248AE73700B227B2 /* EmployeeObject.swift */; };
		179B9EBE24CF556500FD8A43 /* ScanDataView.swift in Sources */ = {isa = PBXBuildFile; fileRef = 179B9EBD24CF556500FD8A43 /* ScanDataView.swift */; };
		17B43B4924D0F21300DE05E1 /* SippingCoffee.json in Resources */ = {isa = PBXBuildFile; fileRef = 17B43B4824D0F21200DE05E1 /* SippingCoffee.json */; };
		17B930B724C2041E00D73FBB /* CustomerTable.swift in Sources */ = {isa = PBXBuildFile; fileRef = 17B930B624C2041E00D73FBB /* CustomerTable.swift */; };
		17C81F14247ACA7B008DAAA2 /* AppDelegate.swift in Sources */ = {isa = PBXBuildFile; fileRef = 17C81F13247ACA7B008DAAA2 /* AppDelegate.swift */; };
		17C81F16247ACA7B008DAAA2 /* SceneDelegate.swift in Sources */ = {isa = PBXBuildFile; fileRef = 17C81F15247ACA7B008DAAA2 /* SceneDelegate.swift */; };
		17C81F1B247ACA7B008DAAA2 /* Main.storyboard in Resources */ = {isa = PBXBuildFile; fileRef = 17C81F19247ACA7B008DAAA2 /* Main.storyboard */; };
		17C81F20247ACA7F008DAAA2 /* LaunchScreen.storyboard in Resources */ = {isa = PBXBuildFile; fileRef = 17C81F1E247ACA7F008DAAA2 /* LaunchScreen.storyboard */; };
		17C81F2C247ACB01008DAAA2 /* GlobalVariables.swift in Sources */ = {isa = PBXBuildFile; fileRef = 17C81F2B247ACB01008DAAA2 /* GlobalVariables.swift */; };
		17C81F2E247ACE2E008DAAA2 /* A_Register.swift in Sources */ = {isa = PBXBuildFile; fileRef = 17C81F2D247ACE2E008DAAA2 /* A_Register.swift */; };
		17C81F30247AD276008DAAA2 /* B_1Register.swift in Sources */ = {isa = PBXBuildFile; fileRef = 17C81F2F247AD276008DAAA2 /* B_1Register.swift */; };
		17C81F32247AD2AB008DAAA2 /* B_2Register.swift in Sources */ = {isa = PBXBuildFile; fileRef = 17C81F31247AD2AB008DAAA2 /* B_2Register.swift */; };
		17C81F38247C3197008DAAA2 /* GlobalFunctions.swift in Sources */ = {isa = PBXBuildFile; fileRef = 17C81F37247C3197008DAAA2 /* GlobalFunctions.swift */; };
		17C81F3A247C7BA1008DAAA2 /* LoginScreen.swift in Sources */ = {isa = PBXBuildFile; fileRef = 17C81F39247C7BA1008DAAA2 /* LoginScreen.swift */; };
		17C81F3C247C7FF5008DAAA2 /* CustomerHomeScreen.swift in Sources */ = {isa = PBXBuildFile; fileRef = 17C81F3B247C7FF5008DAAA2 /* CustomerHomeScreen.swift */; };
		17C81F3E247D5E44008DAAA2 /* OwnerHomeScreen.swift in Sources */ = {isa = PBXBuildFile; fileRef = 17C81F3D247D5E44008DAAA2 /* OwnerHomeScreen.swift */; };
		17DC8B9824C3A5F8005589D2 /* LoaderAnimationView.swift in Sources */ = {isa = PBXBuildFile; fileRef = 17DC8B9724C3A5F8005589D2 /* LoaderAnimationView.swift */; };
		17DEEF4D24D9E6A5004C13B9 /* Extensions.swift in Sources */ = {isa = PBXBuildFile; fileRef = 17DEEF4C24D9E6A5004C13B9 /* Extensions.swift */; };
		17DF196A248851EE0040059C /* Poppins-Thin.ttf in Resources */ = {isa = PBXBuildFile; fileRef = 17DF1969248851EE0040059C /* Poppins-Thin.ttf */; };
		17DF196C2488773D0040059C /* Assets.xcassets in Resources */ = {isa = PBXBuildFile; fileRef = 17DF196B2488773C0040059C /* Assets.xcassets */; };
		17DF197E2488863C0040059C /* Poppins-MediumItalic.ttf in Resources */ = {isa = PBXBuildFile; fileRef = 17DF196D248885DA0040059C /* Poppins-MediumItalic.ttf */; };
		17DF197F2488863C0040059C /* Poppins-ExtraBold.ttf in Resources */ = {isa = PBXBuildFile; fileRef = 17DF196E248885E20040059C /* Poppins-ExtraBold.ttf */; };
		17DF19802488863C0040059C /* Poppins-BlackItalic.ttf in Resources */ = {isa = PBXBuildFile; fileRef = 17DF196F248885EA0040059C /* Poppins-BlackItalic.ttf */; };
		17DF19812488863C0040059C /* Poppins-Regular.ttf in Resources */ = {isa = PBXBuildFile; fileRef = 17DF1970248885F40040059C /* Poppins-Regular.ttf */; };
		17DF19822488863C0040059C /* Poppins-Black.ttf in Resources */ = {isa = PBXBuildFile; fileRef = 17DF1971248885FA0040059C /* Poppins-Black.ttf */; };
		17DF19832488863C0040059C /* Poppins-Italic.ttf in Resources */ = {isa = PBXBuildFile; fileRef = 17DF1972248886010040059C /* Poppins-Italic.ttf */; };
		17DF19842488863C0040059C /* Poppins-LightItalic.ttf in Resources */ = {isa = PBXBuildFile; fileRef = 17DF1973248886060040059C /* Poppins-LightItalic.ttf */; };
		17DF19852488863C0040059C /* Poppins-Bold.ttf in Resources */ = {isa = PBXBuildFile; fileRef = 17DF19742488860B0040059C /* Poppins-Bold.ttf */; };
		17DF19862488863C0040059C /* Poppins-ExtraLight.ttf in Resources */ = {isa = PBXBuildFile; fileRef = 17DF1975248886110040059C /* Poppins-ExtraLight.ttf */; };
		17DF19872488863C0040059C /* Poppins-BoldItalic.ttf in Resources */ = {isa = PBXBuildFile; fileRef = 17DF1976248886160040059C /* Poppins-BoldItalic.ttf */; };
		17DF19882488863C0040059C /* Poppins-Medium.ttf in Resources */ = {isa = PBXBuildFile; fileRef = 17DF19772488861D0040059C /* Poppins-Medium.ttf */; };
		17DF198A2488863C0040059C /* Poppins-Light.ttf in Resources */ = {isa = PBXBuildFile; fileRef = 17DF1979248886280040059C /* Poppins-Light.ttf */; };
		17DF198B2488863C0040059C /* Poppins-ExtraBoldItalic.ttf in Resources */ = {isa = PBXBuildFile; fileRef = 17DF197A2488862E0040059C /* Poppins-ExtraBoldItalic.ttf */; };
		17DF198C2488863C0040059C /* Poppins-ExtraLightItalic.ttf in Resources */ = {isa = PBXBuildFile; fileRef = 17DF197B248886330040059C /* Poppins-ExtraLightItalic.ttf */; };
		17DF198D2488863C0040059C /* Poppins-SemiBoldItalic.ttf in Resources */ = {isa = PBXBuildFile; fileRef = 17DF197C248886380040059C /* Poppins-SemiBoldItalic.ttf */; };
		17DF198E2488863C0040059C /* Poppins-ThinItalic.ttf in Resources */ = {isa = PBXBuildFile; fileRef = 17DF197D2488863C0040059C /* Poppins-ThinItalic.ttf */; };
		17E2846824843D610035F7CA /* ScannerScreen.swift in Sources */ = {isa = PBXBuildFile; fileRef = 17E2846724843D610035F7CA /* ScannerScreen.swift */; };
		17E76B7C24DC588400063DB0 /* Fonts.swift in Sources */ = {isa = PBXBuildFile; fileRef = 17E76B7B24DC588400063DB0 /* Fonts.swift */; };
		17E76B8524DC594A00063DB0 /* Signika-Semibold.ttf in Resources */ = {isa = PBXBuildFile; fileRef = 17E76B7D24DC594A00063DB0 /* Signika-Semibold.ttf */; };
		17E76B8624DC594A00063DB0 /* Signika-Bold.ttf in Resources */ = {isa = PBXBuildFile; fileRef = 17E76B7E24DC594A00063DB0 /* Signika-Bold.ttf */; };
		17E76B8724DC594A00063DB0 /* Signika-Regular.ttf in Resources */ = {isa = PBXBuildFile; fileRef = 17E76B7F24DC594A00063DB0 /* Signika-Regular.ttf */; };
		17E76B8824DC594A00063DB0 /* Signika-Light.ttf in Resources */ = {isa = PBXBuildFile; fileRef = 17E76B8024DC594A00063DB0 /* Signika-Light.ttf */; };
		17E76B8924DC594A00063DB0 /* SignikaNegative-Regular.ttf in Resources */ = {isa = PBXBuildFile; fileRef = 17E76B8124DC594A00063DB0 /* SignikaNegative-Regular.ttf */; };
		17E76B8A24DC594A00063DB0 /* SignikaNegative-Light.ttf in Resources */ = {isa = PBXBuildFile; fileRef = 17E76B8224DC594A00063DB0 /* SignikaNegative-Light.ttf */; };
		17E76B8B24DC594A00063DB0 /* SignikaNegative-Semibold.ttf in Resources */ = {isa = PBXBuildFile; fileRef = 17E76B8324DC594A00063DB0 /* SignikaNegative-Semibold.ttf */; };
		17E76B8C24DC594A00063DB0 /* SignikaNegative-Bold.ttf in Resources */ = {isa = PBXBuildFile; fileRef = 17E76B8424DC594A00063DB0 /* SignikaNegative-Bold.ttf */; };
		17E76B8F24DC5DA300063DB0 /* Hanken-Light.ttf in Resources */ = {isa = PBXBuildFile; fileRef = 17E76B8D24DC5DA300063DB0 /* Hanken-Light.ttf */; };
		17E76B9024DC5DA300063DB0 /* Hanken-Book.ttf in Resources */ = {isa = PBXBuildFile; fileRef = 17E76B8E24DC5DA300063DB0 /* Hanken-Book.ttf */; };
		17F0B9C624CBCF510050A3E4 /* SDCTextField.swift in Sources */ = {isa = PBXBuildFile; fileRef = 17F0B9C524CBCF510050A3E4 /* SDCTextField.swift */; };
		17F1EF8024D2021F00726C34 /* Global_Colors.swift in Sources */ = {isa = PBXBuildFile; fileRef = 17F1EF7F24D2021F00726C34 /* Global_Colors.swift */; };
		17F1EF8224D2562D00726C34 /* PromoteScreen.swift in Sources */ = {isa = PBXBuildFile; fileRef = 17F1EF8124D2562D00726C34 /* PromoteScreen.swift */; };
		17F1EF8424D25D1A00726C34 /* mailman.json in Resources */ = {isa = PBXBuildFile; fileRef = 17F1EF8324D25D1A00726C34 /* mailman.json */; };
		17F1EF8A24D3C13600726C34 /* AllPromotions.swift in Sources */ = {isa = PBXBuildFile; fileRef = 17F1EF8924D3C13600726C34 /* AllPromotions.swift */; };
		17F1EF8C24D3CA6600726C34 /* Promotion_Objects.swift in Sources */ = {isa = PBXBuildFile; fileRef = 17F1EF8B24D3CA6600726C34 /* Promotion_Objects.swift */; };
		17F1EF8F24D3CBA900726C34 /* Promo_Cell.swift in Sources */ = {isa = PBXBuildFile; fileRef = 17F1EF8D24D3CBA900726C34 /* Promo_Cell.swift */; };
		17F1EF9024D3CBA900726C34 /* Promo_Cell.xib in Resources */ = {isa = PBXBuildFile; fileRef = 17F1EF8E24D3CBA900726C34 /* Promo_Cell.xib */; };
		17F55F1324942D8900F78E5F /* GoogleService-Info.plist in Resources */ = {isa = PBXBuildFile; fileRef = 17F55F1224942D8900F78E5F /* GoogleService-Info.plist */; };
		17F7BDEA248C346300041577 /* RedeemConfirm.swift in Sources */ = {isa = PBXBuildFile; fileRef = 17F7BDE9248C346300041577 /* RedeemConfirm.swift */; };
		17F7BDEC248D369F00041577 /* ScanDataFile.swift in Sources */ = {isa = PBXBuildFile; fileRef = 17F7BDEB248D369F00041577 /* ScanDataFile.swift */; };
		17F7BDEE248D3F0E00041577 /* OwnerDataObject.swift in Sources */ = {isa = PBXBuildFile; fileRef = 17F7BDED248D3F0E00041577 /* OwnerDataObject.swift */; };
		17F7BDF0248D750900041577 /* PlacesObject.swift in Sources */ = {isa = PBXBuildFile; fileRef = 17F7BDEF248D750900041577 /* PlacesObject.swift */; };
		17FDDE18248F0F6B008F5FF1 /* EmployeeHome.swift in Sources */ = {isa = PBXBuildFile; fileRef = 17FDDE17248F0F6B008F5FF1 /* EmployeeHome.swift */; };
		188E6394833396A7121FAA10 /* Pods_FizzyPoints.framework in Frameworks */ = {isa = PBXBuildFile; fileRef = 181504E9D76AA4D35D7D29DC /* Pods_FizzyPoints.framework */; };
/* End PBXBuildFile section */

/* Begin PBXCopyFilesBuildPhase section */
		17510ADD24DB6D48002A2C82 /* Embed App Extensions */ = {
			isa = PBXCopyFilesBuildPhase;
			buildActionMask = 2147483647;
			dstPath = "";
			dstSubfolderSpec = 13;
			files = (
			);
			name = "Embed App Extensions";
			runOnlyForDeploymentPostprocessing = 0;
		};
/* End PBXCopyFilesBuildPhase section */

/* Begin PBXFileReference section */
		1704B9276593781FEEB737F9 /* Pods-OneSignalNotificationServiceExtension.release.xcconfig */ = {isa = PBXFileReference; includeInIndex = 1; lastKnownFileType = text.xcconfig; name = "Pods-OneSignalNotificationServiceExtension.release.xcconfig"; path = "Target Support Files/Pods-OneSignalNotificationServiceExtension/Pods-OneSignalNotificationServiceExtension.release.xcconfig"; sourceTree = "<group>"; };
		17121852247EFA0C0060093A /* BusinessForCustomerCell.swift */ = {isa = PBXFileReference; lastKnownFileType = sourcecode.swift; path = BusinessForCustomerCell.swift; sourceTree = "<group>"; };
		17121853247EFA0C0060093A /* BusinessForCustomerCell.xib */ = {isa = PBXFileReference; lastKnownFileType = file.xib; path = BusinessForCustomerCell.xib; sourceTree = "<group>"; };
		17121856247EFA300060093A /* BusinessName.swift */ = {isa = PBXFileReference; fileEncoding = 4; lastKnownFileType = sourcecode.swift; path = BusinessName.swift; sourceTree = "<group>"; };
		1712B57A24D1304200BB7150 /* 17216-your-app-developer.json */ = {isa = PBXFileReference; fileEncoding = 4; lastKnownFileType = text.json; name = "17216-your-app-developer.json"; path = "../../../../../Downloads/17216-your-app-developer.json"; sourceTree = "<group>"; };
		1714AA7424CF252F00D17425 /* Individual_Scans.swift */ = {isa = PBXFileReference; lastKnownFileType = sourcecode.swift; path = Individual_Scans.swift; sourceTree = "<group>"; };
		1714AA7624CF258500D17425 /* ScansTable.swift */ = {isa = PBXFileReference; lastKnownFileType = sourcecode.swift; path = ScansTable.swift; sourceTree = "<group>"; };
		1714AA7824CF271100D17425 /* Individual_Scans_CellTableViewCell.swift */ = {isa = PBXFileReference; lastKnownFileType = sourcecode.swift; path = Individual_Scans_CellTableViewCell.swift; sourceTree = "<group>"; };
		1714AA7924CF271100D17425 /* Individual_Scans_CellTableViewCell.xib */ = {isa = PBXFileReference; lastKnownFileType = file.xib; path = Individual_Scans_CellTableViewCell.xib; sourceTree = "<group>"; };
		172224D4248F44D90063F0FC /* CroissantLoader.json */ = {isa = PBXFileReference; fileEncoding = 4; lastKnownFileType = text.json; path = CroissantLoader.json; sourceTree = "<group>"; };
		172224D6248F45670063F0FC /* CoffeeLoader.json */ = {isa = PBXFileReference; fileEncoding = 4; lastKnownFileType = text.json; path = CoffeeLoader.json; sourceTree = "<group>"; };
		172224D8248F45A10063F0FC /* PizzaLoader.json */ = {isa = PBXFileReference; fileEncoding = 4; lastKnownFileType = text.json; path = PizzaLoader.json; sourceTree = "<group>"; };
		172224D9248F45A50063F0FC /* BeerLoader.json */ = {isa = PBXFileReference; fileEncoding = 4; lastKnownFileType = text.json; path = BeerLoader.json; sourceTree = "<group>"; };
		172224DC248F50A00063F0FC /* CheckMark.json */ = {isa = PBXFileReference; fileEncoding = 4; lastKnownFileType = text.json; path = CheckMark.json; sourceTree = "<group>"; };
		172224DE248F58020063F0FC /* CheckMark2.json */ = {isa = PBXFileReference; fileEncoding = 4; lastKnownFileType = text.json; path = CheckMark2.json; sourceTree = "<group>"; };
		172224E0248F5C3D0063F0FC /* CheckMark3.json */ = {isa = PBXFileReference; fileEncoding = 4; lastKnownFileType = text.json; path = CheckMark3.json; sourceTree = "<group>"; };
		1724123A24C4C88200C048D0 /* Info_BusinessCustomer.swift */ = {isa = PBXFileReference; lastKnownFileType = sourcecode.swift; path = Info_BusinessCustomer.swift; sourceTree = "<group>"; };
		1724587A24C5EBC10073D316 /* HomeAnimation.json */ = {isa = PBXFileReference; fileEncoding = 4; lastKnownFileType = text.json; path = HomeAnimation.json; sourceTree = "<group>"; };
		17325AAA24E1DBCA005A1A4E /* MailView.swift */ = {isa = PBXFileReference; lastKnownFileType = sourcecode.swift; path = MailView.swift; sourceTree = "<group>"; };
		173A179A24C337D700ABAB10 /* CustomerInformationView.swift */ = {isa = PBXFileReference; lastKnownFileType = sourcecode.swift; path = CustomerInformationView.swift; sourceTree = "<group>"; };
		173B08AC24DB62BB00E21D36 /* Punchqrd.entitlements */ = {isa = PBXFileReference; lastKnownFileType = text.plist.entitlements; path = Punchqrd.entitlements; sourceTree = "<group>"; };
		173B49F1248B450E00056833 /* C_1Register.swift */ = {isa = PBXFileReference; lastKnownFileType = sourcecode.swift; path = C_1Register.swift; sourceTree = "<group>"; };
		173B49F3248B494000056833 /* C_2Register.swift */ = {isa = PBXFileReference; lastKnownFileType = sourcecode.swift; path = C_2Register.swift; sourceTree = "<group>"; };
		173F1700247DB44B00C67812 /* QRView.swift */ = {isa = PBXFileReference; lastKnownFileType = sourcecode.swift; path = QRView.swift; sourceTree = "<group>"; };
		173F1704247DB8AB00C67812 /* BusinessSearch.swift */ = {isa = PBXFileReference; lastKnownFileType = sourcecode.swift; path = BusinessSearch.swift; sourceTree = "<group>"; };
		174AED9424D5B55B00AF704C /* Customer_Feed.swift */ = {isa = PBXFileReference; lastKnownFileType = sourcecode.swift; path = Customer_Feed.swift; sourceTree = "<group>"; };
		17510AD724DB6D48002A2C82 /* NotificationService.swift */ = {isa = PBXFileReference; lastKnownFileType = sourcecode.swift; path = NotificationService.swift; sourceTree = "<group>"; };
		17510AD924DB6D48002A2C82 /* Info.plist */ = {isa = PBXFileReference; lastKnownFileType = text.plist.xml; path = Info.plist; sourceTree = "<group>"; };
		17510AE124DB71EE002A2C82 /* OneSignalNotificationServiceExtension.entitlements */ = {isa = PBXFileReference; lastKnownFileType = text.plist.entitlements; path = OneSignalNotificationServiceExtension.entitlements; sourceTree = "<group>"; };
		17510AE424DB9713002A2C82 /* ActionButton.swift */ = {isa = PBXFileReference; lastKnownFileType = sourcecode.swift; path = ActionButton.swift; sourceTree = "<group>"; };
		175711C024DC753000D94B37 /* Indigo Regular.otf */ = {isa = PBXFileReference; lastKnownFileType = file; name = "Indigo Regular.otf"; path = "../../../../Downloads/indigo/Indigo Regular.otf"; sourceTree = "<group>"; };
		175711C224DC766700D94B37 /* Anson-Regular.otf */ = {isa = PBXFileReference; lastKnownFileType = file; name = "Anson-Regular.otf"; path = "../../../../Downloads/AnsonFont-1/Anson-Regular.otf"; sourceTree = "<group>"; };
		176AD81524901DAD00669202 /* StoreKit.framework */ = {isa = PBXFileReference; lastKnownFileType = wrapper.framework; name = StoreKit.framework; path = System/Library/Frameworks/StoreKit.framework; sourceTree = SDKROOT; };
		1771DB8324BB820500154CC1 /* PaymentScreen.swift */ = {isa = PBXFileReference; lastKnownFileType = sourcecode.swift; path = PaymentScreen.swift; sourceTree = "<group>"; };
		1783789B24C8F5A800436D1F /* OnboardingView.swift */ = {isa = PBXFileReference; lastKnownFileType = sourcecode.swift; path = OnboardingView.swift; sourceTree = "<group>"; };
		17839FB224C2125400B74AEF /* CustomerClass.swift */ = {isa = PBXFileReference; lastKnownFileType = sourcecode.swift; path = CustomerClass.swift; sourceTree = "<group>"; };
		17839FB424C214FF00B74AEF /* CustomerCell.swift */ = {isa = PBXFileReference; lastKnownFileType = sourcecode.swift; path = CustomerCell.swift; sourceTree = "<group>"; };
		17839FB524C214FF00B74AEF /* CustomerCell.xib */ = {isa = PBXFileReference; lastKnownFileType = file.xib; path = CustomerCell.xib; sourceTree = "<group>"; };
		1793292A24DAE1EE00F8EAED /* MainLoader.json */ = {isa = PBXFileReference; fileEncoding = 4; lastKnownFileType = text.json; name = MainLoader.json; path = ../../../../../Downloads/MainLoader.json; sourceTree = "<group>"; };
		1793292C24DAE91900F8EAED /* MainLoader2.json */ = {isa = PBXFileReference; fileEncoding = 4; lastKnownFileType = text.json; name = MainLoader2.json; path = ../../../../../Downloads/MainLoader2.json; sourceTree = "<group>"; };
		1796CB6A24894DFD00B227B2 /* B_2_1Register.swift */ = {isa = PBXFileReference; lastKnownFileType = sourcecode.swift; path = B_2_1Register.swift; sourceTree = "<group>"; };
		1796CB6E248957FD00B227B2 /* B_2_2Register.swift */ = {isa = PBXFileReference; lastKnownFileType = sourcecode.swift; path = B_2_2Register.swift; sourceTree = "<group>"; };
		1796CB72248AB59E00B227B2 /* SecondAddEmployeeScreen.swift */ = {isa = PBXFileReference; lastKnownFileType = sourcecode.swift; path = SecondAddEmployeeScreen.swift; sourceTree = "<group>"; };
		1796CB74248AE3B200B227B2 /* RemoveEmployeesScreen.swift */ = {isa = PBXFileReference; lastKnownFileType = sourcecode.swift; path = RemoveEmployeesScreen.swift; sourceTree = "<group>"; };
		1796CB79248AE58900B227B2 /* EmployeeCell.swift */ = {isa = PBXFileReference; lastKnownFileType = sourcecode.swift; path = EmployeeCell.swift; sourceTree = "<group>"; };
		1796CB7A248AE58900B227B2 /* EmployeeCell.xib */ = {isa = PBXFileReference; lastKnownFileType = file.xib; path = EmployeeCell.xib; sourceTree = "<group>"; };
		1796CB7D248AE73700B227B2 /* EmployeeObject.swift */ = {isa = PBXFileReference; lastKnownFileType = sourcecode.swift; path = EmployeeObject.swift; sourceTree = "<group>"; };
		179B9EBD24CF556500FD8A43 /* ScanDataView.swift */ = {isa = PBXFileReference; lastKnownFileType = sourcecode.swift; path = ScanDataView.swift; sourceTree = "<group>"; };
		17B43B4824D0F21200DE05E1 /* SippingCoffee.json */ = {isa = PBXFileReference; fileEncoding = 4; lastKnownFileType = text.json; name = SippingCoffee.json; path = ../../../../../Downloads/SippingCoffee.json; sourceTree = "<group>"; };
		17B930B624C2041E00D73FBB /* CustomerTable.swift */ = {isa = PBXFileReference; lastKnownFileType = sourcecode.swift; path = CustomerTable.swift; sourceTree = "<group>"; };
		17C81F10247ACA7B008DAAA2 /* Punchqrd.app */ = {isa = PBXFileReference; explicitFileType = wrapper.application; includeInIndex = 0; path = Punchqrd.app; sourceTree = BUILT_PRODUCTS_DIR; };
		17C81F13247ACA7B008DAAA2 /* AppDelegate.swift */ = {isa = PBXFileReference; lastKnownFileType = sourcecode.swift; path = AppDelegate.swift; sourceTree = "<group>"; };
		17C81F15247ACA7B008DAAA2 /* SceneDelegate.swift */ = {isa = PBXFileReference; lastKnownFileType = sourcecode.swift; path = SceneDelegate.swift; sourceTree = "<group>"; };
		17C81F1A247ACA7B008DAAA2 /* Base */ = {isa = PBXFileReference; lastKnownFileType = file.storyboard; name = Base; path = Base.lproj/Main.storyboard; sourceTree = "<group>"; };
		17C81F1F247ACA7F008DAAA2 /* Base */ = {isa = PBXFileReference; lastKnownFileType = file.storyboard; name = Base; path = Base.lproj/LaunchScreen.storyboard; sourceTree = "<group>"; };
		17C81F21247ACA7F008DAAA2 /* Info.plist */ = {isa = PBXFileReference; lastKnownFileType = text.plist.xml; path = Info.plist; sourceTree = "<group>"; };
		17C81F2B247ACB01008DAAA2 /* GlobalVariables.swift */ = {isa = PBXFileReference; lastKnownFileType = sourcecode.swift; path = GlobalVariables.swift; sourceTree = "<group>"; };
		17C81F2D247ACE2E008DAAA2 /* A_Register.swift */ = {isa = PBXFileReference; lastKnownFileType = sourcecode.swift; path = A_Register.swift; sourceTree = "<group>"; };
		17C81F2F247AD276008DAAA2 /* B_1Register.swift */ = {isa = PBXFileReference; lastKnownFileType = sourcecode.swift; path = B_1Register.swift; sourceTree = "<group>"; };
		17C81F31247AD2AB008DAAA2 /* B_2Register.swift */ = {isa = PBXFileReference; lastKnownFileType = sourcecode.swift; path = B_2Register.swift; sourceTree = "<group>"; };
		17C81F37247C3197008DAAA2 /* GlobalFunctions.swift */ = {isa = PBXFileReference; lastKnownFileType = sourcecode.swift; name = GlobalFunctions.swift; path = "../New Group1/GlobalFunctions.swift"; sourceTree = "<group>"; };
		17C81F39247C7BA1008DAAA2 /* LoginScreen.swift */ = {isa = PBXFileReference; lastKnownFileType = sourcecode.swift; path = LoginScreen.swift; sourceTree = "<group>"; };
		17C81F3B247C7FF5008DAAA2 /* CustomerHomeScreen.swift */ = {isa = PBXFileReference; lastKnownFileType = sourcecode.swift; path = CustomerHomeScreen.swift; sourceTree = "<group>"; };
		17C81F3D247D5E44008DAAA2 /* OwnerHomeScreen.swift */ = {isa = PBXFileReference; lastKnownFileType = sourcecode.swift; path = OwnerHomeScreen.swift; sourceTree = "<group>"; };
		17CAD385BE4D4BB40CF8B12E /* Pods-FizzyPoints.release.xcconfig */ = {isa = PBXFileReference; includeInIndex = 1; lastKnownFileType = text.xcconfig; name = "Pods-FizzyPoints.release.xcconfig"; path = "Target Support Files/Pods-FizzyPoints/Pods-FizzyPoints.release.xcconfig"; sourceTree = "<group>"; };
		17DC8B9724C3A5F8005589D2 /* LoaderAnimationView.swift */ = {isa = PBXFileReference; lastKnownFileType = sourcecode.swift; path = LoaderAnimationView.swift; sourceTree = "<group>"; };
		17DEEF4C24D9E6A5004C13B9 /* Extensions.swift */ = {isa = PBXFileReference; lastKnownFileType = sourcecode.swift; name = Extensions.swift; path = "../New Group/Extensions.swift"; sourceTree = "<group>"; };
		17DF1969248851EE0040059C /* Poppins-Thin.ttf */ = {isa = PBXFileReference; lastKnownFileType = file; path = "Poppins-Thin.ttf"; sourceTree = "<group>"; };
		17DF196B2488773C0040059C /* Assets.xcassets */ = {isa = PBXFileReference; lastKnownFileType = folder.assetcatalog; path = Assets.xcassets; sourceTree = "<group>"; };
		17DF196D248885DA0040059C /* Poppins-MediumItalic.ttf */ = {isa = PBXFileReference; lastKnownFileType = file; path = "Poppins-MediumItalic.ttf"; sourceTree = "<group>"; };
		17DF196E248885E20040059C /* Poppins-ExtraBold.ttf */ = {isa = PBXFileReference; lastKnownFileType = file; path = "Poppins-ExtraBold.ttf"; sourceTree = "<group>"; };
		17DF196F248885EA0040059C /* Poppins-BlackItalic.ttf */ = {isa = PBXFileReference; lastKnownFileType = file; path = "Poppins-BlackItalic.ttf"; sourceTree = "<group>"; };
		17DF1970248885F40040059C /* Poppins-Regular.ttf */ = {isa = PBXFileReference; lastKnownFileType = file; path = "Poppins-Regular.ttf"; sourceTree = "<group>"; };
		17DF1971248885FA0040059C /* Poppins-Black.ttf */ = {isa = PBXFileReference; lastKnownFileType = file; path = "Poppins-Black.ttf"; sourceTree = "<group>"; };
		17DF1972248886010040059C /* Poppins-Italic.ttf */ = {isa = PBXFileReference; lastKnownFileType = file; path = "Poppins-Italic.ttf"; sourceTree = "<group>"; };
		17DF1973248886060040059C /* Poppins-LightItalic.ttf */ = {isa = PBXFileReference; lastKnownFileType = file; path = "Poppins-LightItalic.ttf"; sourceTree = "<group>"; };
		17DF19742488860B0040059C /* Poppins-Bold.ttf */ = {isa = PBXFileReference; lastKnownFileType = file; path = "Poppins-Bold.ttf"; sourceTree = "<group>"; };
		17DF1975248886110040059C /* Poppins-ExtraLight.ttf */ = {isa = PBXFileReference; lastKnownFileType = file; path = "Poppins-ExtraLight.ttf"; sourceTree = "<group>"; };
		17DF1976248886160040059C /* Poppins-BoldItalic.ttf */ = {isa = PBXFileReference; lastKnownFileType = file; path = "Poppins-BoldItalic.ttf"; sourceTree = "<group>"; };
		17DF19772488861D0040059C /* Poppins-Medium.ttf */ = {isa = PBXFileReference; lastKnownFileType = file; path = "Poppins-Medium.ttf"; sourceTree = "<group>"; };
		17DF1979248886280040059C /* Poppins-Light.ttf */ = {isa = PBXFileReference; lastKnownFileType = file; path = "Poppins-Light.ttf"; sourceTree = "<group>"; };
		17DF197A2488862E0040059C /* Poppins-ExtraBoldItalic.ttf */ = {isa = PBXFileReference; lastKnownFileType = file; path = "Poppins-ExtraBoldItalic.ttf"; sourceTree = "<group>"; };
		17DF197B248886330040059C /* Poppins-ExtraLightItalic.ttf */ = {isa = PBXFileReference; lastKnownFileType = file; path = "Poppins-ExtraLightItalic.ttf"; sourceTree = "<group>"; };
		17DF197C248886380040059C /* Poppins-SemiBoldItalic.ttf */ = {isa = PBXFileReference; lastKnownFileType = file; path = "Poppins-SemiBoldItalic.ttf"; sourceTree = "<group>"; };
		17DF197D2488863C0040059C /* Poppins-ThinItalic.ttf */ = {isa = PBXFileReference; lastKnownFileType = file; path = "Poppins-ThinItalic.ttf"; sourceTree = "<group>"; };
		17E2846724843D610035F7CA /* ScannerScreen.swift */ = {isa = PBXFileReference; lastKnownFileType = sourcecode.swift; path = ScannerScreen.swift; sourceTree = "<group>"; };
		17E76B7B24DC588400063DB0 /* Fonts.swift */ = {isa = PBXFileReference; lastKnownFileType = sourcecode.swift; path = Fonts.swift; sourceTree = "<group>"; };
		17E76B7D24DC594A00063DB0 /* Signika-Semibold.ttf */ = {isa = PBXFileReference; lastKnownFileType = file; name = "Signika-Semibold.ttf"; path = "../../../../Downloads/Signika/TTF/Signika-Semibold.ttf"; sourceTree = "<group>"; };
		17E76B7E24DC594A00063DB0 /* Signika-Bold.ttf */ = {isa = PBXFileReference; lastKnownFileType = file; name = "Signika-Bold.ttf"; path = "../../../../Downloads/Signika/TTF/Signika-Bold.ttf"; sourceTree = "<group>"; };
		17E76B7F24DC594A00063DB0 /* Signika-Regular.ttf */ = {isa = PBXFileReference; lastKnownFileType = file; name = "Signika-Regular.ttf"; path = "../../../../Downloads/Signika/TTF/Signika-Regular.ttf"; sourceTree = "<group>"; };
		17E76B8024DC594A00063DB0 /* Signika-Light.ttf */ = {isa = PBXFileReference; lastKnownFileType = file; name = "Signika-Light.ttf"; path = "../../../../Downloads/Signika/TTF/Signika-Light.ttf"; sourceTree = "<group>"; };
		17E76B8124DC594A00063DB0 /* SignikaNegative-Regular.ttf */ = {isa = PBXFileReference; lastKnownFileType = file; name = "SignikaNegative-Regular.ttf"; path = "../../../../Downloads/Signika/TTF/SignikaNegative-Regular.ttf"; sourceTree = "<group>"; };
		17E76B8224DC594A00063DB0 /* SignikaNegative-Light.ttf */ = {isa = PBXFileReference; lastKnownFileType = file; name = "SignikaNegative-Light.ttf"; path = "../../../../Downloads/Signika/TTF/SignikaNegative-Light.ttf"; sourceTree = "<group>"; };
		17E76B8324DC594A00063DB0 /* SignikaNegative-Semibold.ttf */ = {isa = PBXFileReference; lastKnownFileType = file; name = "SignikaNegative-Semibold.ttf"; path = "../../../../Downloads/Signika/TTF/SignikaNegative-Semibold.ttf"; sourceTree = "<group>"; };
		17E76B8424DC594A00063DB0 /* SignikaNegative-Bold.ttf */ = {isa = PBXFileReference; lastKnownFileType = file; name = "SignikaNegative-Bold.ttf"; path = "../../../../Downloads/Signika/TTF/SignikaNegative-Bold.ttf"; sourceTree = "<group>"; };
		17E76B8D24DC5DA300063DB0 /* Hanken-Light.ttf */ = {isa = PBXFileReference; lastKnownFileType = file; name = "Hanken-Light.ttf"; path = "../../../../Downloads/hanken/Hanken-Light.ttf"; sourceTree = "<group>"; };
		17E76B8E24DC5DA300063DB0 /* Hanken-Book.ttf */ = {isa = PBXFileReference; lastKnownFileType = file; name = "Hanken-Book.ttf"; path = "../../../../Downloads/hanken/Hanken-Book.ttf"; sourceTree = "<group>"; };
		17F0B9C524CBCF510050A3E4 /* SDCTextField.swift */ = {isa = PBXFileReference; lastKnownFileType = sourcecode.swift; path = SDCTextField.swift; sourceTree = "<group>"; };
		17F1EF7F24D2021F00726C34 /* Global_Colors.swift */ = {isa = PBXFileReference; lastKnownFileType = sourcecode.swift; path = Global_Colors.swift; sourceTree = "<group>"; };
		17F1EF8124D2562D00726C34 /* PromoteScreen.swift */ = {isa = PBXFileReference; lastKnownFileType = sourcecode.swift; path = PromoteScreen.swift; sourceTree = "<group>"; };
		17F1EF8324D25D1A00726C34 /* mailman.json */ = {isa = PBXFileReference; fileEncoding = 4; lastKnownFileType = text.json; name = mailman.json; path = ../../../../../Downloads/mailman.json; sourceTree = "<group>"; };
		17F1EF8924D3C13600726C34 /* AllPromotions.swift */ = {isa = PBXFileReference; lastKnownFileType = sourcecode.swift; path = AllPromotions.swift; sourceTree = "<group>"; };
		17F1EF8B24D3CA6600726C34 /* Promotion_Objects.swift */ = {isa = PBXFileReference; lastKnownFileType = sourcecode.swift; path = Promotion_Objects.swift; sourceTree = "<group>"; };
		17F1EF8D24D3CBA900726C34 /* Promo_Cell.swift */ = {isa = PBXFileReference; lastKnownFileType = sourcecode.swift; path = Promo_Cell.swift; sourceTree = "<group>"; };
		17F1EF8E24D3CBA900726C34 /* Promo_Cell.xib */ = {isa = PBXFileReference; lastKnownFileType = file.xib; path = Promo_Cell.xib; sourceTree = "<group>"; };
		17F55F1224942D8900F78E5F /* GoogleService-Info.plist */ = {isa = PBXFileReference; fileEncoding = 4; lastKnownFileType = text.plist.xml; path = "GoogleService-Info.plist"; sourceTree = "<group>"; };
		17F7BDE9248C346300041577 /* RedeemConfirm.swift */ = {isa = PBXFileReference; lastKnownFileType = sourcecode.swift; path = RedeemConfirm.swift; sourceTree = "<group>"; };
		17F7BDEB248D369F00041577 /* ScanDataFile.swift */ = {isa = PBXFileReference; lastKnownFileType = sourcecode.swift; path = ScanDataFile.swift; sourceTree = "<group>"; };
		17F7BDED248D3F0E00041577 /* OwnerDataObject.swift */ = {isa = PBXFileReference; lastKnownFileType = sourcecode.swift; path = OwnerDataObject.swift; sourceTree = "<group>"; };
		17F7BDEF248D750900041577 /* PlacesObject.swift */ = {isa = PBXFileReference; lastKnownFileType = sourcecode.swift; path = PlacesObject.swift; sourceTree = "<group>"; };
		17FDDE17248F0F6B008F5FF1 /* EmployeeHome.swift */ = {isa = PBXFileReference; lastKnownFileType = sourcecode.swift; path = EmployeeHome.swift; sourceTree = "<group>"; };
		181504E9D76AA4D35D7D29DC /* Pods_FizzyPoints.framework */ = {isa = PBXFileReference; explicitFileType = wrapper.framework; includeInIndex = 0; path = Pods_FizzyPoints.framework; sourceTree = BUILT_PRODUCTS_DIR; };
		3355A231C595A0E8C300CA77 /* Pods_OneSignalNotificationServiceExtension.framework */ = {isa = PBXFileReference; explicitFileType = wrapper.framework; includeInIndex = 0; path = Pods_OneSignalNotificationServiceExtension.framework; sourceTree = BUILT_PRODUCTS_DIR; };
		9A86A384F8F7408E4E172EBB /* Pods-FizzyPoints.debug.xcconfig */ = {isa = PBXFileReference; includeInIndex = 1; lastKnownFileType = text.xcconfig; name = "Pods-FizzyPoints.debug.xcconfig"; path = "Target Support Files/Pods-FizzyPoints/Pods-FizzyPoints.debug.xcconfig"; sourceTree = "<group>"; };
		A9C7D562CD953F1F6522B54B /* Pods-QR 2.0.release.xcconfig */ = {isa = PBXFileReference; includeInIndex = 1; lastKnownFileType = text.xcconfig; name = "Pods-QR 2.0.release.xcconfig"; path = "Target Support Files/Pods-QR 2.0/Pods-QR 2.0.release.xcconfig"; sourceTree = "<group>"; };
		C28E2D88B8204B97030479CE /* Pods-QR 2.0.debug.xcconfig */ = {isa = PBXFileReference; includeInIndex = 1; lastKnownFileType = text.xcconfig; name = "Pods-QR 2.0.debug.xcconfig"; path = "Target Support Files/Pods-QR 2.0/Pods-QR 2.0.debug.xcconfig"; sourceTree = "<group>"; };
		C82DDF09B8522B26AE6584D5 /* Pods-OneSignalNotificationServiceExtension.debug.xcconfig */ = {isa = PBXFileReference; includeInIndex = 1; lastKnownFileType = text.xcconfig; name = "Pods-OneSignalNotificationServiceExtension.debug.xcconfig"; path = "Target Support Files/Pods-OneSignalNotificationServiceExtension/Pods-OneSignalNotificationServiceExtension.debug.xcconfig"; sourceTree = "<group>"; };
/* End PBXFileReference section */

/* Begin PBXFrameworksBuildPhase section */
		17C81F0D247ACA7B008DAAA2 /* Frameworks */ = {
			isa = PBXFrameworksBuildPhase;
			buildActionMask = 2147483647;
			files = (
				176AD81624901DAD00669202 /* StoreKit.framework in Frameworks */,
				188E6394833396A7121FAA10 /* Pods_FizzyPoints.framework in Frameworks */,
			);
			runOnlyForDeploymentPostprocessing = 0;
		};
/* End PBXFrameworksBuildPhase section */

/* Begin PBXGroup section */
		173F1702247DB82500C67812 /* Customer View Controllers */ = {
			isa = PBXGroup;
			children = (
				17C81F3B247C7FF5008DAAA2 /* CustomerHomeScreen.swift */,
				173F1704247DB8AB00C67812 /* BusinessSearch.swift */,
				173F1700247DB44B00C67812 /* QRView.swift */,
				174AED9424D5B55B00AF704C /* Customer_Feed.swift */,
			);
			path = "Customer View Controllers";
			sourceTree = "<group>";
		};
		173F1703247DB84300C67812 /* Owner View Controllers */ = {
			isa = PBXGroup;
			children = (
				17C81F3D247D5E44008DAAA2 /* OwnerHomeScreen.swift */,
				1796CB72248AB59E00B227B2 /* SecondAddEmployeeScreen.swift */,
				1796CB74248AE3B200B227B2 /* RemoveEmployeesScreen.swift */,
				17F7BDEB248D369F00041577 /* ScanDataFile.swift */,
				17F1EF8124D2562D00726C34 /* PromoteScreen.swift */,
				17F1EF8924D3C13600726C34 /* AllPromotions.swift */,
			);
			path = "Owner View Controllers";
			sourceTree = "<group>";
		};
		1740753E249465F30079D398 /* Animations */ = {
			isa = PBXGroup;
			children = (
				1793292A24DAE1EE00F8EAED /* MainLoader.json */,
				17F1EF8324D25D1A00726C34 /* mailman.json */,
				1712B57A24D1304200BB7150 /* 17216-your-app-developer.json */,
				17B43B4824D0F21200DE05E1 /* SippingCoffee.json */,
				1724587A24C5EBC10073D316 /* HomeAnimation.json */,
				172224D4248F44D90063F0FC /* CroissantLoader.json */,
				172224D6248F45670063F0FC /* CoffeeLoader.json */,
				172224D8248F45A10063F0FC /* PizzaLoader.json */,
				172224D9248F45A50063F0FC /* BeerLoader.json */,
				1793292C24DAE91900F8EAED /* MainLoader2.json */,
				172224DC248F50A00063F0FC /* CheckMark.json */,
				172224DE248F58020063F0FC /* CheckMark2.json */,
				172224E0248F5C3D0063F0FC /* CheckMark3.json */,
			);
			path = Animations;
			sourceTree = "<group>";
		};
		1740753F249466080079D398 /* Delegate Files */ = {
			isa = PBXGroup;
			children = (
				17C81F13247ACA7B008DAAA2 /* AppDelegate.swift */,
				17C81F15247ACA7B008DAAA2 /* SceneDelegate.swift */,
			);
			path = "Delegate Files";
			sourceTree = "<group>";
		};
		17510AD624DB6D48002A2C82 /* OneSignalNotificationServiceExtension */ = {
			isa = PBXGroup;
			children = (
				17510AE124DB71EE002A2C82 /* OneSignalNotificationServiceExtension.entitlements */,
				17510AD724DB6D48002A2C82 /* NotificationService.swift */,
				17510AD924DB6D48002A2C82 /* Info.plist */,
			);
			path = OneSignalNotificationServiceExtension;
			sourceTree = "<group>";
		};
		17510AE224DB96EC002A2C82 /* Views */ = {
			isa = PBXGroup;
			children = (
				17121856247EFA300060093A /* BusinessName.swift */,
				17121852247EFA0C0060093A /* BusinessForCustomerCell.swift */,
				1796CB79248AE58900B227B2 /* EmployeeCell.swift */,
				1796CB7D248AE73700B227B2 /* EmployeeObject.swift */,
				17F7BDED248D3F0E00041577 /* OwnerDataObject.swift */,
				17F7BDEF248D750900041577 /* PlacesObject.swift */,
				1783789B24C8F5A800436D1F /* OnboardingView.swift */,
				17B930B624C2041E00D73FBB /* CustomerTable.swift */,
				17839FB224C2125400B74AEF /* CustomerClass.swift */,
				17839FB424C214FF00B74AEF /* CustomerCell.swift */,
				173A179A24C337D700ABAB10 /* CustomerInformationView.swift */,
				17DC8B9724C3A5F8005589D2 /* LoaderAnimationView.swift */,
				1724123A24C4C88200C048D0 /* Info_BusinessCustomer.swift */,
				17F0B9C524CBCF510050A3E4 /* SDCTextField.swift */,
				1714AA7424CF252F00D17425 /* Individual_Scans.swift */,
				1714AA7624CF258500D17425 /* ScansTable.swift */,
				1714AA7824CF271100D17425 /* Individual_Scans_CellTableViewCell.swift */,
				179B9EBD24CF556500FD8A43 /* ScanDataView.swift */,
				17325AAA24E1DBCA005A1A4E /* MailView.swift */,
				17F1EF8B24D3CA6600726C34 /* Promotion_Objects.swift */,
				17F1EF8D24D3CBA900726C34 /* Promo_Cell.swift */,
			);
			name = Views;
			sourceTree = "<group>";
		};
		17510AE324DB96FC002A2C82 /* Generators */ = {
			isa = PBXGroup;
			children = (
				17510AE424DB9713002A2C82 /* ActionButton.swift */,
				17F1EF7F24D2021F00726C34 /* Global_Colors.swift */,
				17E76B7B24DC588400063DB0 /* Fonts.swift */,
			);
			path = Generators;
			sourceTree = "<group>";
		};
		17510AE624DC3F1B002A2C82 /* Extensions */ = {
			isa = PBXGroup;
			children = (
				17DEEF4C24D9E6A5004C13B9 /* Extensions.swift */,
			);
			path = Extensions;
			sourceTree = "<group>";
		};
		17510AE724DC3F51002A2C82 /* Globals */ = {
			isa = PBXGroup;
			children = (
				17C81F37247C3197008DAAA2 /* GlobalFunctions.swift */,
				17C81F2B247ACB01008DAAA2 /* GlobalVariables.swift */,
			);
			path = Globals;
			sourceTree = "<group>";
		};
		177913C9247F447800FBEEDB /* Scrap Files */ = {
			isa = PBXGroup;
			children = (
			);
			path = "Scrap Files";
			sourceTree = "<group>";
		};
		17C81F07247ACA7A008DAAA2 = {
			isa = PBXGroup;
			children = (
				17DF1967248845A30040059C /* Fonts */,
				17C81F12247ACA7B008DAAA2 /* FizzyPoints */,
				7060B761C14B6509BDB792EC /* Pods */,
				17510AD624DB6D48002A2C82 /* OneSignalNotificationServiceExtension */,
				C96DB8792DE1491CE077091E /* Frameworks */,
			);
			sourceTree = "<group>";
		};
		17C81F11247ACA7B008DAAA2 /* Products */ = {
			isa = PBXGroup;
			children = (
				17C81F10247ACA7B008DAAA2 /* Punchqrd.app */,
			);
			name = Products;
			path = ..;
			sourceTree = "<group>";
		};
		17C81F12247ACA7B008DAAA2 /* FizzyPoints */ = {
			isa = PBXGroup;
			children = (
				173B08AC24DB62BB00E21D36 /* Punchqrd.entitlements */,
				17F55F1224942D8900F78E5F /* GoogleService-Info.plist */,
				17C81F21247ACA7F008DAAA2 /* Info.plist */,
				17DF196B2488773C0040059C /* Assets.xcassets */,
				1740753F249466080079D398 /* Delegate Files */,
				1740753E249465F30079D398 /* Animations */,
				177913C9247F447800FBEEDB /* Scrap Files */,
				17C81F27247ACA99008DAAA2 /* Model */,
				17C81F28247ACAA9008DAAA2 /* Storyboards */,
				17C81F29247ACAAE008DAAA2 /* Controller */,
				17C81F11247ACA7B008DAAA2 /* Products */,
			);
			path = FizzyPoints;
			sourceTree = "<group>";
		};
		17C81F27247ACA99008DAAA2 /* Model */ = {
			isa = PBXGroup;
			children = (
				17510AE724DC3F51002A2C82 /* Globals */,
				17510AE624DC3F1B002A2C82 /* Extensions */,
				17510AE324DB96FC002A2C82 /* Generators */,
				17510AE224DB96EC002A2C82 /* Views */,
			);
			path = Model;
			sourceTree = "<group>";
		};
		17C81F28247ACAA9008DAAA2 /* Storyboards */ = {
			isa = PBXGroup;
			children = (
				17C81F1E247ACA7F008DAAA2 /* LaunchScreen.storyboard */,
				17C81F19247ACA7B008DAAA2 /* Main.storyboard */,
				17121853247EFA0C0060093A /* BusinessForCustomerCell.xib */,
				1796CB7A248AE58900B227B2 /* EmployeeCell.xib */,
				17839FB524C214FF00B74AEF /* CustomerCell.xib */,
				1714AA7924CF271100D17425 /* Individual_Scans_CellTableViewCell.xib */,
				17F1EF8E24D3CBA900726C34 /* Promo_Cell.xib */,
			);
			path = Storyboards;
			sourceTree = "<group>";
		};
		17C81F29247ACAAE008DAAA2 /* Controller */ = {
			isa = PBXGroup;
			children = (
				17C81F39247C7BA1008DAAA2 /* LoginScreen.swift */,
				17E2846624843D190035F7CA /* Registration View Controllers */,
				173F1703247DB84300C67812 /* Owner View Controllers */,
				173F1702247DB82500C67812 /* Customer View Controllers */,
				17E2846924843D660035F7CA /* Employee View Controllers */,
			);
			path = Controller;
			sourceTree = "<group>";
		};
		17DF1967248845A30040059C /* Fonts */ = {
			isa = PBXGroup;
			children = (
				175711C024DC753000D94B37 /* Indigo Regular.otf */,
				17E76B8E24DC5DA300063DB0 /* Hanken-Book.ttf */,
				17E76B8D24DC5DA300063DB0 /* Hanken-Light.ttf */,
				17DF1969248851EE0040059C /* Poppins-Thin.ttf */,
				17DF1971248885FA0040059C /* Poppins-Black.ttf */,
				17DF196F248885EA0040059C /* Poppins-BlackItalic.ttf */,
				17E76B7E24DC594A00063DB0 /* Signika-Bold.ttf */,
				17E76B8024DC594A00063DB0 /* Signika-Light.ttf */,
				17E76B7F24DC594A00063DB0 /* Signika-Regular.ttf */,
				17E76B7D24DC594A00063DB0 /* Signika-Semibold.ttf */,
				17E76B8424DC594A00063DB0 /* SignikaNegative-Bold.ttf */,
				17E76B8224DC594A00063DB0 /* SignikaNegative-Light.ttf */,
				17E76B8124DC594A00063DB0 /* SignikaNegative-Regular.ttf */,
				17E76B8324DC594A00063DB0 /* SignikaNegative-Semibold.ttf */,
				17DF19742488860B0040059C /* Poppins-Bold.ttf */,
				17DF1976248886160040059C /* Poppins-BoldItalic.ttf */,
				17DF196E248885E20040059C /* Poppins-ExtraBold.ttf */,
				17DF197A2488862E0040059C /* Poppins-ExtraBoldItalic.ttf */,
				17DF1975248886110040059C /* Poppins-ExtraLight.ttf */,
				17DF197B248886330040059C /* Poppins-ExtraLightItalic.ttf */,
				17DF1972248886010040059C /* Poppins-Italic.ttf */,
				17DF1979248886280040059C /* Poppins-Light.ttf */,
				17DF1973248886060040059C /* Poppins-LightItalic.ttf */,
				175711C224DC766700D94B37 /* Anson-Regular.otf */,
				17DF19772488861D0040059C /* Poppins-Medium.ttf */,
				17DF196D248885DA0040059C /* Poppins-MediumItalic.ttf */,
				17DF1970248885F40040059C /* Poppins-Regular.ttf */,
				17DF197C248886380040059C /* Poppins-SemiBoldItalic.ttf */,
				17DF197D2488863C0040059C /* Poppins-ThinItalic.ttf */,
			);
			path = Fonts;
			sourceTree = "<group>";
		};
		17E2846624843D190035F7CA /* Registration View Controllers */ = {
			isa = PBXGroup;
			children = (
				17C81F2D247ACE2E008DAAA2 /* A_Register.swift */,
				17C81F2F247AD276008DAAA2 /* B_1Register.swift */,
				17C81F31247AD2AB008DAAA2 /* B_2Register.swift */,
				1796CB6A24894DFD00B227B2 /* B_2_1Register.swift */,
				1796CB6E248957FD00B227B2 /* B_2_2Register.swift */,
				173B49F1248B450E00056833 /* C_1Register.swift */,
				173B49F3248B494000056833 /* C_2Register.swift */,
			);
			path = "Registration View Controllers";
			sourceTree = "<group>";
		};
		17E2846924843D660035F7CA /* Employee View Controllers */ = {
			isa = PBXGroup;
			children = (
				17E2846724843D610035F7CA /* ScannerScreen.swift */,
				17F7BDE9248C346300041577 /* RedeemConfirm.swift */,
				17FDDE17248F0F6B008F5FF1 /* EmployeeHome.swift */,
				1771DB8324BB820500154CC1 /* PaymentScreen.swift */,
			);
			path = "Employee View Controllers";
			sourceTree = "<group>";
		};
		7060B761C14B6509BDB792EC /* Pods */ = {
			isa = PBXGroup;
			children = (
				C28E2D88B8204B97030479CE /* Pods-QR 2.0.debug.xcconfig */,
				A9C7D562CD953F1F6522B54B /* Pods-QR 2.0.release.xcconfig */,
				9A86A384F8F7408E4E172EBB /* Pods-FizzyPoints.debug.xcconfig */,
				17CAD385BE4D4BB40CF8B12E /* Pods-FizzyPoints.release.xcconfig */,
				C82DDF09B8522B26AE6584D5 /* Pods-OneSignalNotificationServiceExtension.debug.xcconfig */,
				1704B9276593781FEEB737F9 /* Pods-OneSignalNotificationServiceExtension.release.xcconfig */,
			);
			path = Pods;
			sourceTree = "<group>";
		};
		C96DB8792DE1491CE077091E /* Frameworks */ = {
			isa = PBXGroup;
			children = (
				176AD81524901DAD00669202 /* StoreKit.framework */,
				181504E9D76AA4D35D7D29DC /* Pods_FizzyPoints.framework */,
				3355A231C595A0E8C300CA77 /* Pods_OneSignalNotificationServiceExtension.framework */,
			);
			name = Frameworks;
			sourceTree = "<group>";
		};
/* End PBXGroup section */

/* Begin PBXNativeTarget section */
		17C81F0F247ACA7B008DAAA2 /* FizzyPoints */ = {
			isa = PBXNativeTarget;
			buildConfigurationList = 17C81F24247ACA7F008DAAA2 /* Build configuration list for PBXNativeTarget "FizzyPoints" */;
			buildPhases = (
				5105951C68CBABB91B15BDDB /* [CP] Check Pods Manifest.lock */,
				17C81F0C247ACA7B008DAAA2 /* Sources */,
				17C81F0D247ACA7B008DAAA2 /* Frameworks */,
				17C81F0E247ACA7B008DAAA2 /* Resources */,
				17510ADD24DB6D48002A2C82 /* Embed App Extensions */,
				B26A3EF763908C70DB00B632 /* [CP] Embed Pods Frameworks */,
				C38290C11E3A24E48FF57D4C /* [CP] Copy Pods Resources */,
			);
			buildRules = (
			);
			dependencies = (
			);
			name = FizzyPoints;
			productName = "QR 2.0";
			productReference = 17C81F10247ACA7B008DAAA2 /* Punchqrd.app */;
			productType = "com.apple.product-type.application";
		};
/* End PBXNativeTarget section */

/* Begin PBXProject section */
		17C81F08247ACA7A008DAAA2 /* Project object */ = {
			isa = PBXProject;
			attributes = {
				LastSwiftUpdateCheck = 1160;
				LastUpgradeCheck = 1120;
				ORGANIZATIONNAME = "Sebastian Barry";
				TargetAttributes = {
					17C81F0F247ACA7B008DAAA2 = {
						CreatedOnToolsVersion = 11.2.1;
					};
				};
			};
			buildConfigurationList = 17C81F0B247ACA7A008DAAA2 /* Build configuration list for PBXProject "FizzyPoints" */;
			compatibilityVersion = "Xcode 9.3";
			developmentRegion = en;
			hasScannedForEncodings = 0;
			knownRegions = (
				en,
				Base,
			);
			mainGroup = 17C81F07247ACA7A008DAAA2;
			productRefGroup = 17C81F11247ACA7B008DAAA2 /* Products */;
			projectDirPath = "";
			projectRoot = "";
			targets = (
				17C81F0F247ACA7B008DAAA2 /* FizzyPoints */,
			);
		};
/* End PBXProject section */

/* Begin PBXResourcesBuildPhase section */
		17C81F0E247ACA7B008DAAA2 /* Resources */ = {
			isa = PBXResourcesBuildPhase;
			buildActionMask = 2147483647;
			files = (
				17DF19822488863C0040059C /* Poppins-Black.ttf in Resources */,
				17DF197F2488863C0040059C /* Poppins-ExtraBold.ttf in Resources */,
				172224DA248F45A50063F0FC /* PizzaLoader.json in Resources */,
				172224DF248F58020063F0FC /* CheckMark2.json in Resources */,
				17E76B8A24DC594A00063DB0 /* SignikaNegative-Light.ttf in Resources */,
				17E76B8724DC594A00063DB0 /* Signika-Regular.ttf in Resources */,
				172224D5248F44D90063F0FC /* CroissantLoader.json in Resources */,
				17DF198B2488863C0040059C /* Poppins-ExtraBoldItalic.ttf in Resources */,
				17E76B8924DC594A00063DB0 /* SignikaNegative-Regular.ttf in Resources */,
				175711C124DC753000D94B37 /* Indigo Regular.otf in Resources */,
				17DF19802488863C0040059C /* Poppins-BlackItalic.ttf in Resources */,
				17DF19862488863C0040059C /* Poppins-ExtraLight.ttf in Resources */,
				17F1EF8424D25D1A00726C34 /* mailman.json in Resources */,
				17DF198C2488863C0040059C /* Poppins-ExtraLightItalic.ttf in Resources */,
				1712B57B24D1304200BB7150 /* 17216-your-app-developer.json in Resources */,
				17DF197E2488863C0040059C /* Poppins-MediumItalic.ttf in Resources */,
				1796CB7C248AE58900B227B2 /* EmployeeCell.xib in Resources */,
				17B43B4924D0F21300DE05E1 /* SippingCoffee.json in Resources */,
				1793292D24DAE91900F8EAED /* MainLoader2.json in Resources */,
				17839FB724C214FF00B74AEF /* CustomerCell.xib in Resources */,
				172224DB248F45A50063F0FC /* BeerLoader.json in Resources */,
				17E76B8C24DC594A00063DB0 /* SignikaNegative-Bold.ttf in Resources */,
				17DF198E2488863C0040059C /* Poppins-ThinItalic.ttf in Resources */,
				17E76B8F24DC5DA300063DB0 /* Hanken-Light.ttf in Resources */,
				17E76B8524DC594A00063DB0 /* Signika-Semibold.ttf in Resources */,
				17DF196A248851EE0040059C /* Poppins-Thin.ttf in Resources */,
				17F1EF9024D3CBA900726C34 /* Promo_Cell.xib in Resources */,
				17E76B8624DC594A00063DB0 /* Signika-Bold.ttf in Resources */,
				1793292B24DAE1EE00F8EAED /* MainLoader.json in Resources */,
				172224DD248F50A10063F0FC /* CheckMark.json in Resources */,
				17E76B8B24DC594A00063DB0 /* SignikaNegative-Semibold.ttf in Resources */,
				17DF19852488863C0040059C /* Poppins-Bold.ttf in Resources */,
				1714AA7B24CF271100D17425 /* Individual_Scans_CellTableViewCell.xib in Resources */,
				17DF19872488863C0040059C /* Poppins-BoldItalic.ttf in Resources */,
				17E76B8824DC594A00063DB0 /* Signika-Light.ttf in Resources */,
				17DF198A2488863C0040059C /* Poppins-Light.ttf in Resources */,
				175711C324DC766700D94B37 /* Anson-Regular.otf in Resources */,
				17E76B9024DC5DA300063DB0 /* Hanken-Book.ttf in Resources */,
				17DF19832488863C0040059C /* Poppins-Italic.ttf in Resources */,
				17121855247EFA0C0060093A /* BusinessForCustomerCell.xib in Resources */,
				17DF19842488863C0040059C /* Poppins-LightItalic.ttf in Resources */,
				17DF196C2488773D0040059C /* Assets.xcassets in Resources */,
				172224E1248F5C3D0063F0FC /* CheckMark3.json in Resources */,
				17DF19812488863C0040059C /* Poppins-Regular.ttf in Resources */,
				17DF19882488863C0040059C /* Poppins-Medium.ttf in Resources */,
				17F55F1324942D8900F78E5F /* GoogleService-Info.plist in Resources */,
				17DF198D2488863C0040059C /* Poppins-SemiBoldItalic.ttf in Resources */,
				172224D7248F45670063F0FC /* CoffeeLoader.json in Resources */,
				17C81F20247ACA7F008DAAA2 /* LaunchScreen.storyboard in Resources */,
				17C81F1B247ACA7B008DAAA2 /* Main.storyboard in Resources */,
				1724587B24C5EBC10073D316 /* HomeAnimation.json in Resources */,
			);
			runOnlyForDeploymentPostprocessing = 0;
		};
/* End PBXResourcesBuildPhase section */

/* Begin PBXShellScriptBuildPhase section */
		5105951C68CBABB91B15BDDB /* [CP] Check Pods Manifest.lock */ = {
			isa = PBXShellScriptBuildPhase;
			buildActionMask = 2147483647;
			files = (
			);
			inputFileListPaths = (
			);
			inputPaths = (
				"${PODS_PODFILE_DIR_PATH}/Podfile.lock",
				"${PODS_ROOT}/Manifest.lock",
			);
			name = "[CP] Check Pods Manifest.lock";
			outputFileListPaths = (
			);
			outputPaths = (
				"$(DERIVED_FILE_DIR)/Pods-FizzyPoints-checkManifestLockResult.txt",
			);
			runOnlyForDeploymentPostprocessing = 0;
			shellPath = /bin/sh;
			shellScript = "diff \"${PODS_PODFILE_DIR_PATH}/Podfile.lock\" \"${PODS_ROOT}/Manifest.lock\" > /dev/null\nif [ $? != 0 ] ; then\n    # print error to STDERR\n    echo \"error: The sandbox is not in sync with the Podfile.lock. Run 'pod install' or update your CocoaPods installation.\" >&2\n    exit 1\nfi\n# This output is used by Xcode 'outputs' to avoid re-running this script phase.\necho \"SUCCESS\" > \"${SCRIPT_OUTPUT_FILE_0}\"\n";
			showEnvVarsInLog = 0;
		};
		B26A3EF763908C70DB00B632 /* [CP] Embed Pods Frameworks */ = {
			isa = PBXShellScriptBuildPhase;
			buildActionMask = 2147483647;
			files = (
			);
			inputFileListPaths = (
				"${PODS_ROOT}/Target Support Files/Pods-FizzyPoints/Pods-FizzyPoints-frameworks-${CONFIGURATION}-input-files.xcfilelist",
			);
			name = "[CP] Embed Pods Frameworks";
			outputFileListPaths = (
				"${PODS_ROOT}/Target Support Files/Pods-FizzyPoints/Pods-FizzyPoints-frameworks-${CONFIGURATION}-output-files.xcfilelist",
			);
			runOnlyForDeploymentPostprocessing = 0;
			shellPath = /bin/sh;
			shellScript = "\"${PODS_ROOT}/Target Support Files/Pods-FizzyPoints/Pods-FizzyPoints-frameworks.sh\"\n";
			showEnvVarsInLog = 0;
		};
		C38290C11E3A24E48FF57D4C /* [CP] Copy Pods Resources */ = {
			isa = PBXShellScriptBuildPhase;
			buildActionMask = 2147483647;
			files = (
			);
			inputFileListPaths = (
				"${PODS_ROOT}/Target Support Files/Pods-FizzyPoints/Pods-FizzyPoints-resources-${CONFIGURATION}-input-files.xcfilelist",
			);
			name = "[CP] Copy Pods Resources";
			outputFileListPaths = (
				"${PODS_ROOT}/Target Support Files/Pods-FizzyPoints/Pods-FizzyPoints-resources-${CONFIGURATION}-output-files.xcfilelist",
			);
			runOnlyForDeploymentPostprocessing = 0;
			shellPath = /bin/sh;
			shellScript = "\"${PODS_ROOT}/Target Support Files/Pods-FizzyPoints/Pods-FizzyPoints-resources.sh\"\n";
			showEnvVarsInLog = 0;
		};
/* End PBXShellScriptBuildPhase section */

/* Begin PBXSourcesBuildPhase section */
		17C81F0C247ACA7B008DAAA2 /* Sources */ = {
			isa = PBXSourcesBuildPhase;
			buildActionMask = 2147483647;
			files = (
				1724123B24C4C88200C048D0 /* Info_BusinessCustomer.swift in Sources */,
				17FDDE18248F0F6B008F5FF1 /* EmployeeHome.swift in Sources */,
				17E2846824843D610035F7CA /* ScannerScreen.swift in Sources */,
				173A179B24C337D700ABAB10 /* CustomerInformationView.swift in Sources */,
				1796CB7B248AE58900B227B2 /* EmployeeCell.swift in Sources */,
				17DC8B9824C3A5F8005589D2 /* LoaderAnimationView.swift in Sources */,
				173B49F2248B450E00056833 /* C_1Register.swift in Sources */,
				17E76B7C24DC588400063DB0 /* Fonts.swift in Sources */,
				17F0B9C624CBCF510050A3E4 /* SDCTextField.swift in Sources */,
				17C81F3E247D5E44008DAAA2 /* OwnerHomeScreen.swift in Sources */,
				17F7BDF0248D750900041577 /* PlacesObject.swift in Sources */,
				17325AAB24E1DBCA005A1A4E /* MailView.swift in Sources */,
				17121854247EFA0C0060093A /* BusinessForCustomerCell.swift in Sources */,
				1796CB7E248AE73700B227B2 /* EmployeeObject.swift in Sources */,
				1796CB75248AE3B200B227B2 /* RemoveEmployeesScreen.swift in Sources */,
				173B49F4248B494000056833 /* C_2Register.swift in Sources */,
				17F7BDEA248C346300041577 /* RedeemConfirm.swift in Sources */,
				17C81F32247AD2AB008DAAA2 /* B_2Register.swift in Sources */,
				17C81F2E247ACE2E008DAAA2 /* A_Register.swift in Sources */,
				17F1EF8224D2562D00726C34 /* PromoteScreen.swift in Sources */,
				174AED9524D5B55B00AF704C /* Customer_Feed.swift in Sources */,
				1796CB6F248957FD00B227B2 /* B_2_2Register.swift in Sources */,
				17C81F38247C3197008DAAA2 /* GlobalFunctions.swift in Sources */,
				17C81F2C247ACB01008DAAA2 /* GlobalVariables.swift in Sources */,
				17F7BDEE248D3F0E00041577 /* OwnerDataObject.swift in Sources */,
				173F1705247DB8AB00C67812 /* BusinessSearch.swift in Sources */,
				1783789C24C8F5A800436D1F /* OnboardingView.swift in Sources */,
				1796CB73248AB59E00B227B2 /* SecondAddEmployeeScreen.swift in Sources */,
				17C81F14247ACA7B008DAAA2 /* AppDelegate.swift in Sources */,
				17F1EF8F24D3CBA900726C34 /* Promo_Cell.swift in Sources */,
				179B9EBE24CF556500FD8A43 /* ScanDataView.swift in Sources */,
				17C81F3C247C7FF5008DAAA2 /* CustomerHomeScreen.swift in Sources */,
				173F1701247DB44B00C67812 /* QRView.swift in Sources */,
				17F1EF8C24D3CA6600726C34 /* Promotion_Objects.swift in Sources */,
				17121857247EFA300060093A /* BusinessName.swift in Sources */,
				17F1EF8A24D3C13600726C34 /* AllPromotions.swift in Sources */,
				17F7BDEC248D369F00041577 /* ScanDataFile.swift in Sources */,
				17B930B724C2041E00D73FBB /* CustomerTable.swift in Sources */,
				1771DB8424BB820500154CC1 /* PaymentScreen.swift in Sources */,
				17C81F3A247C7BA1008DAAA2 /* LoginScreen.swift in Sources */,
				17C81F16247ACA7B008DAAA2 /* SceneDelegate.swift in Sources */,
				1714AA7524CF252F00D17425 /* Individual_Scans.swift in Sources */,
				17C81F30247AD276008DAAA2 /* B_1Register.swift in Sources */,
				17F1EF8024D2021F00726C34 /* Global_Colors.swift in Sources */,
				1714AA7724CF258500D17425 /* ScansTable.swift in Sources */,
				1796CB6B24894DFD00B227B2 /* B_2_1Register.swift in Sources */,
				1714AA7A24CF271100D17425 /* Individual_Scans_CellTableViewCell.swift in Sources */,
				17839FB324C2125400B74AEF /* CustomerClass.swift in Sources */,
				17839FB624C214FF00B74AEF /* CustomerCell.swift in Sources */,
				17DEEF4D24D9E6A5004C13B9 /* Extensions.swift in Sources */,
				17510AE524DB9713002A2C82 /* ActionButton.swift in Sources */,
			);
			runOnlyForDeploymentPostprocessing = 0;
		};
/* End PBXSourcesBuildPhase section */

/* Begin PBXVariantGroup section */
		17C81F19247ACA7B008DAAA2 /* Main.storyboard */ = {
			isa = PBXVariantGroup;
			children = (
				17C81F1A247ACA7B008DAAA2 /* Base */,
			);
			name = Main.storyboard;
			sourceTree = "<group>";
		};
		17C81F1E247ACA7F008DAAA2 /* LaunchScreen.storyboard */ = {
			isa = PBXVariantGroup;
			children = (
				17C81F1F247ACA7F008DAAA2 /* Base */,
			);
			name = LaunchScreen.storyboard;
			sourceTree = "<group>";
		};
/* End PBXVariantGroup section */

/* Begin XCBuildConfiguration section */
		17C81F22247ACA7F008DAAA2 /* Debug */ = {
			isa = XCBuildConfiguration;
			buildSettings = {
				ALWAYS_SEARCH_USER_PATHS = NO;
				CLANG_ANALYZER_NONNULL = YES;
				CLANG_ANALYZER_NUMBER_OBJECT_CONVERSION = YES_AGGRESSIVE;
				CLANG_CXX_LANGUAGE_STANDARD = "gnu++14";
				CLANG_CXX_LIBRARY = "libc++";
				CLANG_ENABLE_MODULES = YES;
				CLANG_ENABLE_OBJC_ARC = YES;
				CLANG_ENABLE_OBJC_WEAK = YES;
				CLANG_WARN_BLOCK_CAPTURE_AUTORELEASING = YES;
				CLANG_WARN_BOOL_CONVERSION = YES;
				CLANG_WARN_COMMA = YES;
				CLANG_WARN_CONSTANT_CONVERSION = YES;
				CLANG_WARN_DEPRECATED_OBJC_IMPLEMENTATIONS = YES;
				CLANG_WARN_DIRECT_OBJC_ISA_USAGE = YES_ERROR;
				CLANG_WARN_DOCUMENTATION_COMMENTS = YES;
				CLANG_WARN_EMPTY_BODY = YES;
				CLANG_WARN_ENUM_CONVERSION = YES;
				CLANG_WARN_INFINITE_RECURSION = YES;
				CLANG_WARN_INT_CONVERSION = YES;
				CLANG_WARN_NON_LITERAL_NULL_CONVERSION = YES;
				CLANG_WARN_OBJC_IMPLICIT_RETAIN_SELF = YES;
				CLANG_WARN_OBJC_LITERAL_CONVERSION = YES;
				CLANG_WARN_OBJC_ROOT_CLASS = YES_ERROR;
				CLANG_WARN_RANGE_LOOP_ANALYSIS = YES;
				CLANG_WARN_STRICT_PROTOTYPES = YES;
				CLANG_WARN_SUSPICIOUS_MOVE = YES;
				CLANG_WARN_UNGUARDED_AVAILABILITY = YES_AGGRESSIVE;
				CLANG_WARN_UNREACHABLE_CODE = YES;
				CLANG_WARN__DUPLICATE_METHOD_MATCH = YES;
				COPY_PHASE_STRIP = NO;
				DEBUG_INFORMATION_FORMAT = dwarf;
				ENABLE_STRICT_OBJC_MSGSEND = YES;
				ENABLE_TESTABILITY = YES;
				GCC_C_LANGUAGE_STANDARD = gnu11;
				GCC_DYNAMIC_NO_PIC = NO;
				GCC_NO_COMMON_BLOCKS = YES;
				GCC_OPTIMIZATION_LEVEL = 0;
				GCC_PREPROCESSOR_DEFINITIONS = (
					"DEBUG=1",
					"$(inherited)",
				);
				GCC_WARN_64_TO_32_BIT_CONVERSION = YES;
				GCC_WARN_ABOUT_RETURN_TYPE = YES_ERROR;
				GCC_WARN_UNDECLARED_SELECTOR = YES;
				GCC_WARN_UNINITIALIZED_AUTOS = YES_AGGRESSIVE;
				GCC_WARN_UNUSED_FUNCTION = YES;
				GCC_WARN_UNUSED_VARIABLE = YES;
				IPHONEOS_DEPLOYMENT_TARGET = 13.2;
				MTL_ENABLE_DEBUG_INFO = INCLUDE_SOURCE;
				MTL_FAST_MATH = YES;
				ONLY_ACTIVE_ARCH = YES;
				SDKROOT = iphoneos;
				SWIFT_ACTIVE_COMPILATION_CONDITIONS = DEBUG;
				SWIFT_OPTIMIZATION_LEVEL = "-Onone";
			};
			name = Debug;
		};
		17C81F23247ACA7F008DAAA2 /* Release */ = {
			isa = XCBuildConfiguration;
			buildSettings = {
				ALWAYS_SEARCH_USER_PATHS = NO;
				CLANG_ANALYZER_NONNULL = YES;
				CLANG_ANALYZER_NUMBER_OBJECT_CONVERSION = YES_AGGRESSIVE;
				CLANG_CXX_LANGUAGE_STANDARD = "gnu++14";
				CLANG_CXX_LIBRARY = "libc++";
				CLANG_ENABLE_MODULES = YES;
				CLANG_ENABLE_OBJC_ARC = YES;
				CLANG_ENABLE_OBJC_WEAK = YES;
				CLANG_WARN_BLOCK_CAPTURE_AUTORELEASING = YES;
				CLANG_WARN_BOOL_CONVERSION = YES;
				CLANG_WARN_COMMA = YES;
				CLANG_WARN_CONSTANT_CONVERSION = YES;
				CLANG_WARN_DEPRECATED_OBJC_IMPLEMENTATIONS = YES;
				CLANG_WARN_DIRECT_OBJC_ISA_USAGE = YES_ERROR;
				CLANG_WARN_DOCUMENTATION_COMMENTS = YES;
				CLANG_WARN_EMPTY_BODY = YES;
				CLANG_WARN_ENUM_CONVERSION = YES;
				CLANG_WARN_INFINITE_RECURSION = YES;
				CLANG_WARN_INT_CONVERSION = YES;
				CLANG_WARN_NON_LITERAL_NULL_CONVERSION = YES;
				CLANG_WARN_OBJC_IMPLICIT_RETAIN_SELF = YES;
				CLANG_WARN_OBJC_LITERAL_CONVERSION = YES;
				CLANG_WARN_OBJC_ROOT_CLASS = YES_ERROR;
				CLANG_WARN_RANGE_LOOP_ANALYSIS = YES;
				CLANG_WARN_STRICT_PROTOTYPES = YES;
				CLANG_WARN_SUSPICIOUS_MOVE = YES;
				CLANG_WARN_UNGUARDED_AVAILABILITY = YES_AGGRESSIVE;
				CLANG_WARN_UNREACHABLE_CODE = YES;
				CLANG_WARN__DUPLICATE_METHOD_MATCH = YES;
				COPY_PHASE_STRIP = NO;
				DEBUG_INFORMATION_FORMAT = "dwarf-with-dsym";
				ENABLE_NS_ASSERTIONS = NO;
				ENABLE_STRICT_OBJC_MSGSEND = YES;
				GCC_C_LANGUAGE_STANDARD = gnu11;
				GCC_NO_COMMON_BLOCKS = YES;
				GCC_WARN_64_TO_32_BIT_CONVERSION = YES;
				GCC_WARN_ABOUT_RETURN_TYPE = YES_ERROR;
				GCC_WARN_UNDECLARED_SELECTOR = YES;
				GCC_WARN_UNINITIALIZED_AUTOS = YES_AGGRESSIVE;
				GCC_WARN_UNUSED_FUNCTION = YES;
				GCC_WARN_UNUSED_VARIABLE = YES;
				IPHONEOS_DEPLOYMENT_TARGET = 13.2;
				MTL_ENABLE_DEBUG_INFO = NO;
				MTL_FAST_MATH = YES;
				SDKROOT = iphoneos;
				SWIFT_COMPILATION_MODE = wholemodule;
				SWIFT_OPTIMIZATION_LEVEL = "-O";
				VALIDATE_PRODUCT = YES;
			};
			name = Release;
		};
		17C81F25247ACA7F008DAAA2 /* Debug */ = {
			isa = XCBuildConfiguration;
			baseConfigurationReference = 9A86A384F8F7408E4E172EBB /* Pods-FizzyPoints.debug.xcconfig */;
			buildSettings = {
				ALWAYS_EMBED_SWIFT_STANDARD_LIBRARIES = YES;
				ASSETCATALOG_COMPILER_APPICON_NAME = AppIcon;
				CODE_SIGN_ENTITLEMENTS = FizzyPoints/Punchqrd.entitlements;
				CODE_SIGN_STYLE = Automatic;
				CURRENT_PROJECT_VERSION = 14;
				DEVELOPMENT_TEAM = M5F3GZ25TU;
				INFOPLIST_FILE = FizzyPoints/Info.plist;
				LD_RUNPATH_SEARCH_PATHS = (
					"$(inherited)",
					"@executable_path/Frameworks",
				);
				MARKETING_VERSION = 1.0;
				PRODUCT_BUNDLE_IDENTIFIER = com.SebastianBarry.FizzyPoints;
				PRODUCT_NAME = Punchqrd;
				SWIFT_VERSION = 5.0;
				TARGETED_DEVICE_FAMILY = "1,2";
			};
			name = Debug;
		};
		17C81F26247ACA7F008DAAA2 /* Release */ = {
			isa = XCBuildConfiguration;
			baseConfigurationReference = 17CAD385BE4D4BB40CF8B12E /* Pods-FizzyPoints.release.xcconfig */;
			buildSettings = {
				ALWAYS_EMBED_SWIFT_STANDARD_LIBRARIES = YES;
				ASSETCATALOG_COMPILER_APPICON_NAME = AppIcon;
				CODE_SIGN_ENTITLEMENTS = FizzyPoints/Punchqrd.entitlements;
				CODE_SIGN_STYLE = Automatic;
				CURRENT_PROJECT_VERSION = 14;
				DEVELOPMENT_TEAM = M5F3GZ25TU;
				INFOPLIST_FILE = FizzyPoints/Info.plist;
				LD_RUNPATH_SEARCH_PATHS = (
					"$(inherited)",
					"@executable_path/Frameworks",
				);
				MARKETING_VERSION = 1.0;
				PRODUCT_BUNDLE_IDENTIFIER = com.SebastianBarry.FizzyPoints;
				PRODUCT_NAME = Punchqrd;
				SWIFT_VERSION = 5.0;
				TARGETED_DEVICE_FAMILY = "1,2";
			};
			name = Release;
		};
/* End XCBuildConfiguration section */

/* Begin XCConfigurationList section */
		17C81F0B247ACA7A008DAAA2 /* Build configuration list for PBXProject "FizzyPoints" */ = {
			isa = XCConfigurationList;
			buildConfigurations = (
				17C81F22247ACA7F008DAAA2 /* Debug */,
				17C81F23247ACA7F008DAAA2 /* Release */,
			);
			defaultConfigurationIsVisible = 0;
			defaultConfigurationName = Release;
		};
		17C81F24247ACA7F008DAAA2 /* Build configuration list for PBXNativeTarget "FizzyPoints" */ = {
			isa = XCConfigurationList;
			buildConfigurations = (
				17C81F25247ACA7F008DAAA2 /* Debug */,
				17C81F26247ACA7F008DAAA2 /* Release */,
			);
			defaultConfigurationIsVisible = 0;
			defaultConfigurationName = Release;
		};
/* End XCConfigurationList section */
	};
	rootObject = 17C81F08247ACA7A008DAAA2 /* Project object */;
}
